
Microsoft Visual Studio Solution File, Format Version 12.00
# Visual Studio Version 16
VisualStudioVersion = 16.0.30114.105
MinimumVisualStudioVersion = 10.0.40219.1
Project("{2150E333-8FDC-42A3-9474-1A3956D46DE8}") = "IdentityServer", "IdentityServer", "{1491BB7F-2236-4C89-A1A0-FCBF1C8D84FA}"
EndProject
Project("{FAE04EC0-301F-11D3-BF4B-00C04F79EFBC}") = "IdentityServer.Web", "IdentityServer.Web\IdentityServer.Web.csproj", "{745A4E91-37EC-4D1E-A825-A4C825C7E0F5}"
EndProject
Global
	GlobalSection(SolutionConfigurationPlatforms) = preSolution
		Debug|Any CPU = Debug|Any CPU
		Release|Any CPU = Release|Any CPU
	EndGlobalSection
	GlobalSection(SolutionProperties) = preSolution
		HideSolutionNode = FALSE
	EndGlobalSection
	GlobalSection(NestedProjects) = preSolution
		{745A4E91-37EC-4D1E-A825-A4C825C7E0F5} = {1491BB7F-2236-4C89-A1A0-FCBF1C8D84FA}
	EndGlobalSection
	GlobalSection(ProjectConfigurationPlatforms) = postSolution
		{745A4E91-37EC-4D1E-A825-A4C825C7E0F5}.Debug|Any CPU.ActiveCfg = Debug|Any CPU
		{745A4E91-37EC-4D1E-A825-A4C825C7E0F5}.Debug|Any CPU.Build.0 = Debug|Any CPU
		{745A4E91-37EC-4D1E-A825-A4C825C7E0F5}.Release|Any CPU.ActiveCfg = Release|Any CPU
		{745A4E91-37EC-4D1E-A825-A4C825C7E0F5}.Release|Any CPU.Build.0 = Release|Any CPU
	EndGlobalSection
EndGlobal
